
Microsoft Visual Studio Solution File, Format Version 12.00
# Visual Studio Version 17
VisualStudioVersion = 17.3.32929.385
MinimumVisualStudioVersion = 10.0.40219.1
Project("{FAE04EC0-301F-11D3-BF4B-00C04F79EFBC}") = "WindowsFormsApp1", "WindowsFormsApp1.csproj", "{3A171491-6905-4537-AD45-D4D67566885D}"
EndProject
Global
	GlobalSection(SolutionConfigurationPlatforms) = preSolution
		Debug|Any CPU = Debug|Any CPU
		Release|Any CPU = Release|Any CPU
	EndGlobalSection
	GlobalSection(ProjectConfigurationPlatforms) = postSolution
		{3A171491-6905-4537-AD45-D4D67566885D}.Debug|Any CPU.ActiveCfg = Debug|Any CPU
		{3A171491-6905-4537-AD45-D4D67566885D}.Debug|Any CPU.Build.0 = Debug|Any CPU
		{3A171491-6905-4537-AD45-D4D67566885D}.Release|Any CPU.ActiveCfg = Release|Any CPU
		{3A171491-6905-4537-AD45-D4D67566885D}.Release|Any CPU.Build.0 = Release|Any CPU
	EndGlobalSection
	GlobalSection(SolutionProperties) = preSolution
		HideSolutionNode = FALSE
	EndGlobalSection
	GlobalSection(ExtensibilityGlobals) = postSolution
		SolutionGuid = {9FDA7D43-0AB5-461D-95E9-F7A8C3693666}
	EndGlobalSection
EndGlobal
